
Microsoft Visual Studio Solution File, Format Version 12.00
# Visual Studio 15
VisualStudioVersion = 15.0.28307.329
MinimumVisualStudioVersion = 10.0.40219.1
Project("{8BC9CEB8-8B4A-11D0-8D11-00A0C91BC942}") = "LAB2", "LAB2\LAB2.vcxproj", "{FF786B8E-3C94-4A2B-9BE3-1164784CCABF}"
EndProject
Global
	GlobalSection(SolutionConfigurationPlatforms) = preSolution
		Debug|x64 = Debug|x64
		Debug|x86 = Debug|x86
		Release|x64 = Release|x64
		Release|x86 = Release|x86
	EndGlobalSection
	GlobalSection(ProjectConfigurationPlatforms) = postSolution
		{FF786B8E-3C94-4A2B-9BE3-1164784CCABF}.Debug|x64.ActiveCfg = Debug|x64
		{FF786B8E-3C94-4A2B-9BE3-1164784CCABF}.Debug|x64.Build.0 = Debug|x64
		{FF786B8E-3C94-4A2B-9BE3-1164784CCABF}.Debug|x86.ActiveCfg = Debug|Win32
		{FF786B8E-3C94-4A2B-9BE3-1164784CCABF}.Debug|x86.Build.0 = Debug|Win32
		{FF786B8E-3C94-4A2B-9BE3-1164784CCABF}.Release|x64.ActiveCfg = Release|x64
		{FF786B8E-3C94-4A2B-9BE3-1164784CCABF}.Release|x64.Build.0 = Release|x64
		{FF786B8E-3C94-4A2B-9BE3-1164784CCABF}.Release|x86.ActiveCfg = Release|Win32
		{FF786B8E-3C94-4A2B-9BE3-1164784CCABF}.Release|x86.Build.0 = Release|Win32
	EndGlobalSection
	GlobalSection(SolutionProperties) = preSolution
		HideSolutionNode = FALSE
	EndGlobalSection
	GlobalSection(ExtensibilityGlobals) = postSolution
		SolutionGuid = {3733AA0A-6745-4C22-84BA-7D3FFEAAFBFC}
	EndGlobalSection
EndGlobal
